github.com/endobit/oui v0.5.0 h1:/XI8/Jr4nmL1AnLcE4SuC8CKmRcr8+AsQGDUQZ9Dk+o=
github.com/endobit/oui v0.5.0/go.mod h1:cOHrBXZvcHjpHWHILEOAvIAnMR4zvXAXuCwRsjtQ9iI=
github.com/magefile/mage v1.14.0 h1:6QDX3g6z1YvJ4olPhT1wksUcSa/V0a1B+pJb73fBjyo=
github.com/magefile/mage v1.14.0/go.mod h1:z5UZb/iS3GoOSn0JgWuiw7dxlurVYTu+/jHXqQg881A=
